
Microsoft Visual Studio Solution File, Format Version 12.00
# Visual Studio 14
VisualStudioVersion = 14.0.25123.0
MinimumVisualStudioVersion = 10.0.40219.1
Project("{F2A71F9B-5D33-465A-A702-920D77279786}") = "Atropos", "Atropos\Atropos.fsproj", "{ADDEFF8D-E623-4F86-B8CB-27CD6749F619}"
EndProject
Project("{F2A71F9B-5D33-465A-A702-920D77279786}") = "Atropos.RandomForest", "Atropos.RandomForest\Atropos.RandomForest.fsproj", "{95192A3E-229C-40B8-BDE8-4E630AD65530}"
EndProject
Project("{F2A71F9B-5D33-465A-A702-920D77279786}") = "Atropos.Examples", "Atropos.Examples\Atropos.Examples.fsproj", "{FEE2EDAB-BCB0-4D94-AF32-E46C54F1A375}"
EndProject
Project("{F2A71F9B-5D33-465A-A702-920D77279786}") = "Atropos.Regression", "Atropos.Regression\Atropos.Regression.fsproj", "{1D1739D0-F687-46A9-B4F7-801305182C08}"
EndProject
Global
	GlobalSection(SolutionConfigurationPlatforms) = preSolution
		Debug|Any CPU = Debug|Any CPU
		Release|Any CPU = Release|Any CPU
	EndGlobalSection
	GlobalSection(ProjectConfigurationPlatforms) = postSolution
		{ADDEFF8D-E623-4F86-B8CB-27CD6749F619}.Debug|Any CPU.ActiveCfg = Debug|Any CPU
		{ADDEFF8D-E623-4F86-B8CB-27CD6749F619}.Debug|Any CPU.Build.0 = Debug|Any CPU
		{ADDEFF8D-E623-4F86-B8CB-27CD6749F619}.Release|Any CPU.ActiveCfg = Release|Any CPU
		{ADDEFF8D-E623-4F86-B8CB-27CD6749F619}.Release|Any CPU.Build.0 = Release|Any CPU
		{95192A3E-229C-40B8-BDE8-4E630AD65530}.Debug|Any CPU.ActiveCfg = Debug|Any CPU
		{95192A3E-229C-40B8-BDE8-4E630AD65530}.Debug|Any CPU.Build.0 = Debug|Any CPU
		{95192A3E-229C-40B8-BDE8-4E630AD65530}.Release|Any CPU.ActiveCfg = Release|Any CPU
		{95192A3E-229C-40B8-BDE8-4E630AD65530}.Release|Any CPU.Build.0 = Release|Any CPU
		{FEE2EDAB-BCB0-4D94-AF32-E46C54F1A375}.Debug|Any CPU.ActiveCfg = Debug|Any CPU
		{FEE2EDAB-BCB0-4D94-AF32-E46C54F1A375}.Debug|Any CPU.Build.0 = Debug|Any CPU
		{FEE2EDAB-BCB0-4D94-AF32-E46C54F1A375}.Release|Any CPU.ActiveCfg = Release|Any CPU
		{FEE2EDAB-BCB0-4D94-AF32-E46C54F1A375}.Release|Any CPU.Build.0 = Release|Any CPU
		{1D1739D0-F687-46A9-B4F7-801305182C08}.Debug|Any CPU.ActiveCfg = Debug|Any CPU
		{1D1739D0-F687-46A9-B4F7-801305182C08}.Debug|Any CPU.Build.0 = Debug|Any CPU
		{1D1739D0-F687-46A9-B4F7-801305182C08}.Release|Any CPU.ActiveCfg = Release|Any CPU
		{1D1739D0-F687-46A9-B4F7-801305182C08}.Release|Any CPU.Build.0 = Release|Any CPU
	EndGlobalSection
	GlobalSection(SolutionProperties) = preSolution
		HideSolutionNode = FALSE
	EndGlobalSection
EndGlobal
